lockfileVersion: 5.4

specifiers:
  dotenv: ^16.0.1
  playwright: ^1.23.1

dependencies:
  dotenv: 16.0.1
  playwright: 1.23.1

packages:

  /dotenv/16.0.1:
    resolution: {integrity: sha512-1K6hR6wtk2FviQ4kEiSjFiH5rpzEVi8WW0x96aztHVMhEspNpc4DVOUTEHtEva5VThQ8IaBX1Pe4gSzpVVUsKQ==}
    engines: {node: '>=12'}
    dev: false

  /playwright-core/1.23.1:
    resolution: {integrity: sha512-9CXsE0gawph4KXl6oUaa0ehHRySZjHvly4TybcBXDvzK3N3o6L/eZ8Q6iVWUiMn0LLS5bRFxo1qEtOETlYJxjw==}
    engines: {node: '>=14'}
    hasBin: true
    dev: false

  /playwright/1.23.1:
    resolution: {integrity: sha512-+lgiy1JZMNPwpBp5tsUdjTGxuJ+lXZbtSKmMDc0/f1oVsNDXXA+r7zeC9Kzd+4jSHteoJJocargxVx2Mn1o2kw==}
    engines: {node: '>=14'}
    hasBin: true
    requiresBuild: true
    dependencies:
      playwright-core: 1.23.1
    dev: false
